// !$*UTF8*$!
{
	archiveVersion = 1;
	classes = {
	};
	objectVersion = 46;
	objects = {

/* Begin PBXBuildFile section */
		1621EC741F94A63700D8EF6B /* NewMessagesTableViewCell.swift in Sources */ = {isa = PBXBuildFile; fileRef = 1621EC731F94A63700D8EF6B /* NewMessagesTableViewCell.swift */; };
		1621EC761F94B4BB00D8EF6B /* Chatroom.swift in Sources */ = {isa = PBXBuildFile; fileRef = 1621EC751F94B4BB00D8EF6B /* Chatroom.swift */; };
		16350B491F9B6DA5001586F7 /* MessagesBubblesWithEmojiSizeCalculator.swift in Sources */ = {isa = PBXBuildFile; fileRef = 16350B481F9B6DA5001586F7 /* MessagesBubblesWithEmojiSizeCalculator.swift */; };
		16350B4B1F9B6DED001586F7 /* UnicodeScalarEmoji.swift in Sources */ = {isa = PBXBuildFile; fileRef = 16350B4A1F9B6DED001586F7 /* UnicodeScalarEmoji.swift */; };
		16350B4D1F9B6DFE001586F7 /* DateChatFormat.swift in Sources */ = {isa = PBXBuildFile; fileRef = 16350B4C1F9B6DFE001586F7 /* DateChatFormat.swift */; };
		16350B4F1F9B6E47001586F7 /* DateISO.swift in Sources */ = {isa = PBXBuildFile; fileRef = 16350B4E1F9B6E47001586F7 /* DateISO.swift */; };
		169B9ABF1FB1CC580078B933 /* ProfileViewController.swift in Sources */ = {isa = PBXBuildFile; fileRef = 169B9ABE1FB1CC580078B933 /* ProfileViewController.swift */; };
		169DFA491FB44603001B918B /* EditNicknameViewController.swift in Sources */ = {isa = PBXBuildFile; fileRef = 169DFA481FB44603001B918B /* EditNicknameViewController.swift */; };
		16A52C521FA873D400F8FC32 /* EditableTableViewDataSource.swift in Sources */ = {isa = PBXBuildFile; fileRef = 16A52C511FA873D400F8FC32 /* EditableTableViewDataSource.swift */; };
		16C7BCB41F308D82009BE301 /* Main.storyboard in Resources */ = {isa = PBXBuildFile; fileRef = 16C7BCB31F308D82009BE301 /* Main.storyboard */; };
		16CA2F561F2089A900F83720 /* ChatViewController.swift in Sources */ = {isa = PBXBuildFile; fileRef = 16CA2F551F2089A900F83720 /* ChatViewController.swift */; };
		16CA2F5A1F20B65500F83720 /* ContactViewController.swift in Sources */ = {isa = PBXBuildFile; fileRef = 16CA2F591F20B65500F83720 /* ContactViewController.swift */; };
		16CA5B0C1F29DA67006BBF05 /* Helper.swift in Sources */ = {isa = PBXBuildFile; fileRef = 16CA5B0B1F29DA67006BBF05 /* Helper.swift */; };
		16D573EC1F88FC9700895277 /* Enroll.swift in Sources */ = {isa = PBXBuildFile; fileRef = 16D573EB1F88FC9700895277 /* Enroll.swift */; };
		16D573EE1F8905E300895277 /* EnrollViewController.swift in Sources */ = {isa = PBXBuildFile; fileRef = 16D573ED1F8905E300895277 /* EnrollViewController.swift */; };
		16D573F01F89067600895277 /* Semester.swift in Sources */ = {isa = PBXBuildFile; fileRef = 16D573EF1F89067600895277 /* Semester.swift */; };
		16D970241EFBB9FF004ADD6E /* Subject.swift in Sources */ = {isa = PBXBuildFile; fileRef = 16D970231EFBB9FF004ADD6E /* Subject.swift */; };
		16D970261EFBC059004ADD6E /* HomeViewController.swift in Sources */ = {isa = PBXBuildFile; fileRef = 16D970251EFBC059004ADD6E /* HomeViewController.swift */; };
		16E11E651FB5B28700148F8B /* NewsViewController.swift in Sources */ = {isa = PBXBuildFile; fileRef = 16E11E641FB5B28700148F8B /* NewsViewController.swift */; };
		16E9B56A1F861C11007651A4 /* GoogleService-Info.plist in Resources */ = {isa = PBXBuildFile; fileRef = 16E9B5691F861C11007651A4 /* GoogleService-Info.plist */; };
		16EADD861F3C4770003412F9 /* NewMessageViewController.swift in Sources */ = {isa = PBXBuildFile; fileRef = 16EADD851F3C4770003412F9 /* NewMessageViewController.swift */; };
		16F446801F1F57750023AE60 /* AuthenticationManager.swift in Sources */ = {isa = PBXBuildFile; fileRef = 16F4467F1F1F57750023AE60 /* AuthenticationManager.swift */; };
		16F591311FAEF73C00A6C024 /* ContactTableViewCell.swift in Sources */ = {isa = PBXBuildFile; fileRef = 16F591301FAEF73C00A6C024 /* ContactTableViewCell.swift */; };
		16F8EF3F1F8B68DE00D90828 /* EnrollTableViewCell.swift in Sources */ = {isa = PBXBuildFile; fileRef = 16F8EF3E1F8B68DE00D90828 /* EnrollTableViewCell.swift */; };
		16F8EF411F8B8BB900D90828 /* EditViewController.swift in Sources */ = {isa = PBXBuildFile; fileRef = 16F8EF401F8B8BB900D90828 /* EditViewController.swift */; };
		AFDDDA76E22412FA6A92F931 /* Pods_RegDemo.framework in Frameworks */ = {isa = PBXBuildFile; fileRef = C51A01F1C13AE8D732AA9EB8 /* Pods_RegDemo.framework */; };
		EDCFFCAC1E81141600496E5B /* AppDelegate.swift in Sources */ = {isa = PBXBuildFile; fileRef = EDCFFCAB1E81141600496E5B /* AppDelegate.swift */; };
		EDCFFCAE1E81141600496E5B /* LoginViewController.swift in Sources */ = {isa = PBXBuildFile; fileRef = EDCFFCAD1E81141600496E5B /* LoginViewController.swift */; };
		EDCFFCB31E81141600496E5B /* Assets.xcassets in Resources */ = {isa = PBXBuildFile; fileRef = EDCFFCB21E81141600496E5B /* Assets.xcassets */; };
		EDCFFCB61E81141600496E5B /* LaunchScreen.storyboard in Resources */ = {isa = PBXBuildFile; fileRef = EDCFFCB41E81141600496E5B /* LaunchScreen.storyboard */; };
		EDCFFCC01E811CAD00496E5B /* API.swift in Sources */ = {isa = PBXBuildFile; fileRef = EDCFFCBF1E811CAD00496E5B /* API.swift */; };
		EDCFFCC21E811D1500496E5B /* User.swift in Sources */ = {isa = PBXBuildFile; fileRef = EDCFFCC11E811D1500496E5B /* User.swift */; };
		EDCFFCC41E811E6700496E5B /* Token.swift in Sources */ = {isa = PBXBuildFile; fileRef = EDCFFCC31E811E6700496E5B /* Token.swift */; };
/* End PBXBuildFile section */

/* Begin PBXFileReference section */
		1621EC731F94A63700D8EF6B /* NewMessagesTableViewCell.swift */ = {isa = PBXFileReference; lastKnownFileType = sourcecode.swift; path = NewMessagesTableViewCell.swift; sourceTree = "<group>"; };
		1621EC751F94B4BB00D8EF6B /* Chatroom.swift */ = {isa = PBXFileReference; lastKnownFileType = sourcecode.swift; path = Chatroom.swift; sourceTree = "<group>"; };
		16350B481F9B6DA5001586F7 /* MessagesBubblesWithEmojiSizeCalculator.swift */ = {isa = PBXFileReference; lastKnownFileType = sourcecode.swift; path = MessagesBubblesWithEmojiSizeCalculator.swift; sourceTree = "<group>"; };
		16350B4A1F9B6DED001586F7 /* UnicodeScalarEmoji.swift */ = {isa = PBXFileReference; lastKnownFileType = sourcecode.swift; path = UnicodeScalarEmoji.swift; sourceTree = "<group>"; };
		16350B4C1F9B6DFE001586F7 /* DateChatFormat.swift */ = {isa = PBXFileReference; lastKnownFileType = sourcecode.swift; path = DateChatFormat.swift; sourceTree = "<group>"; };
		16350B4E1F9B6E47001586F7 /* DateISO.swift */ = {isa = PBXFileReference; lastKnownFileType = sourcecode.swift; path = DateISO.swift; sourceTree = "<group>"; };
		169B9ABE1FB1CC580078B933 /* ProfileViewController.swift */ = {isa = PBXFileReference; lastKnownFileType = sourcecode.swift; path = ProfileViewController.swift; sourceTree = "<group>"; };
		169DFA481FB44603001B918B /* EditNicknameViewController.swift */ = {isa = PBXFileReference; lastKnownFileType = sourcecode.swift; path = EditNicknameViewController.swift; sourceTree = "<group>"; };
		16A52C511FA873D400F8FC32 /* EditableTableViewDataSource.swift */ = {isa = PBXFileReference; lastKnownFileType = sourcecode.swift; path = EditableTableViewDataSource.swift; sourceTree = "<group>"; };
		16C7BCB31F308D82009BE301 /* Main.storyboard */ = {isa = PBXFileReference; fileEncoding = 4; lastKnownFileType = file.storyboard; path = Main.storyboard; sourceTree = "<group>"; };
		16CA2F551F2089A900F83720 /* ChatViewController.swift */ = {isa = PBXFileReference; fileEncoding = 4; lastKnownFileType = sourcecode.swift; path = ChatViewController.swift; sourceTree = "<group>"; };
		16CA2F591F20B65500F83720 /* ContactViewController.swift */ = {isa = PBXFileReference; fileEncoding = 4; lastKnownFileType = sourcecode.swift; path = ContactViewController.swift; sourceTree = "<group>"; };
		16CA5B0B1F29DA67006BBF05 /* Helper.swift */ = {isa = PBXFileReference; fileEncoding = 4; lastKnownFileType = sourcecode.swift; path = Helper.swift; sourceTree = "<group>"; };
		16D573EB1F88FC9700895277 /* Enroll.swift */ = {isa = PBXFileReference; lastKnownFileType = sourcecode.swift; path = Enroll.swift; sourceTree = "<group>"; };
		16D573ED1F8905E300895277 /* EnrollViewController.swift */ = {isa = PBXFileReference; lastKnownFileType = sourcecode.swift; path = EnrollViewController.swift; sourceTree = "<group>"; };
		16D573EF1F89067600895277 /* Semester.swift */ = {isa = PBXFileReference; lastKnownFileType = sourcecode.swift; path = Semester.swift; sourceTree = "<group>"; };
		16D970231EFBB9FF004ADD6E /* Subject.swift */ = {isa = PBXFileReference; fileEncoding = 4; lastKnownFileType = sourcecode.swift; path = Subject.swift; sourceTree = "<group>"; };
		16D970251EFBC059004ADD6E /* HomeViewController.swift */ = {isa = PBXFileReference; fileEncoding = 4; lastKnownFileType = sourcecode.swift; path = HomeViewController.swift; sourceTree = "<group>"; };
		16E11E641FB5B28700148F8B /* NewsViewController.swift */ = {isa = PBXFileReference; lastKnownFileType = sourcecode.swift; path = NewsViewController.swift; sourceTree = "<group>"; };
		16E9B5681F8619E3007651A4 /* RegDemo.entitlements */ = {isa = PBXFileReference; lastKnownFileType = text.plist.entitlements; path = RegDemo.entitlements; sourceTree = "<group>"; };
		16E9B5691F861C11007651A4 /* GoogleService-Info.plist */ = {isa = PBXFileReference; fileEncoding = 4; lastKnownFileType = text.plist.xml; path = "GoogleService-Info.plist"; sourceTree = "<group>"; };
		16EADD851F3C4770003412F9 /* NewMessageViewController.swift */ = {isa = PBXFileReference; fileEncoding = 4; lastKnownFileType = sourcecode.swift; path = NewMessageViewController.swift; sourceTree = "<group>"; };
		16F4467F1F1F57750023AE60 /* AuthenticationManager.swift */ = {isa = PBXFileReference; fileEncoding = 4; lastKnownFileType = sourcecode.swift; path = AuthenticationManager.swift; sourceTree = "<group>"; };
		16F591301FAEF73C00A6C024 /* ContactTableViewCell.swift */ = {isa = PBXFileReference; lastKnownFileType = sourcecode.swift; path = ContactTableViewCell.swift; sourceTree = "<group>"; };
		16F8EF3E1F8B68DE00D90828 /* EnrollTableViewCell.swift */ = {isa = PBXFileReference; lastKnownFileType = sourcecode.swift; path = EnrollTableViewCell.swift; sourceTree = "<group>"; };
		16F8EF401F8B8BB900D90828 /* EditViewController.swift */ = {isa = PBXFileReference; lastKnownFileType = sourcecode.swift; path = EditViewController.swift; sourceTree = "<group>"; };
		51D006BB865AC8F46E64970F /* Pods-RegDemo.debug.xcconfig */ = {isa = PBXFileReference; includeInIndex = 1; lastKnownFileType = text.xcconfig; name = "Pods-RegDemo.debug.xcconfig"; path = "Pods/Target Support Files/Pods-RegDemo/Pods-RegDemo.debug.xcconfig"; sourceTree = "<group>"; };
		BDDD92CB2EF80B2C59160792 /* Pods-RegDemo.debug.xcconfig */ = {isa = PBXFileReference; includeInIndex = 1; lastKnownFileType = text.xcconfig; name = "Pods-RegDemo.debug.xcconfig"; path = "Pods/Target Support Files/Pods-RegDemo/Pods-RegDemo.debug.xcconfig"; sourceTree = "<group>"; };
		C51A01F1C13AE8D732AA9EB8 /* Pods_RegDemo.framework */ = {isa = PBXFileReference; explicitFileType = wrapper.framework; includeInIndex = 0; path = Pods_RegDemo.framework; sourceTree = BUILT_PRODUCTS_DIR; };
		E5231A8ADF5CE9BA12196AA9 /* Pods-RegDemo.release.xcconfig */ = {isa = PBXFileReference; includeInIndex = 1; lastKnownFileType = text.xcconfig; name = "Pods-RegDemo.release.xcconfig"; path = "Pods/Target Support Files/Pods-RegDemo/Pods-RegDemo.release.xcconfig"; sourceTree = "<group>"; };
		EDCFFCA81E81141600496E5B /* RegDemo.app */ = {isa = PBXFileReference; explicitFileType = wrapper.application; includeInIndex = 0; path = RegDemo.app; sourceTree = BUILT_PRODUCTS_DIR; };
		EDCFFCAB1E81141600496E5B /* AppDelegate.swift */ = {isa = PBXFileReference; lastKnownFileType = sourcecode.swift; path = AppDelegate.swift; sourceTree = "<group>"; };
		EDCFFCAD1E81141600496E5B /* LoginViewController.swift */ = {isa = PBXFileReference; lastKnownFileType = sourcecode.swift; path = LoginViewController.swift; sourceTree = "<group>"; };
		EDCFFCB21E81141600496E5B /* Assets.xcassets */ = {isa = PBXFileReference; lastKnownFileType = folder.assetcatalog; path = Assets.xcassets; sourceTree = "<group>"; };
		EDCFFCB51E81141600496E5B /* Base */ = {isa = PBXFileReference; lastKnownFileType = file.storyboard; name = Base; path = Base.lproj/LaunchScreen.storyboard; sourceTree = "<group>"; };
		EDCFFCB71E81141600496E5B /* Info.plist */ = {isa = PBXFileReference; lastKnownFileType = text.plist.xml; path = Info.plist; sourceTree = "<group>"; };
		EDCFFCBF1E811CAD00496E5B /* API.swift */ = {isa = PBXFileReference; fileEncoding = 4; lastKnownFileType = sourcecode.swift; path = API.swift; sourceTree = "<group>"; };
		EDCFFCC11E811D1500496E5B /* User.swift */ = {isa = PBXFileReference; fileEncoding = 4; lastKnownFileType = sourcecode.swift; path = User.swift; sourceTree = "<group>"; };
		EDCFFCC31E811E6700496E5B /* Token.swift */ = {isa = PBXFileReference; fileEncoding = 4; lastKnownFileType = sourcecode.swift; path = Token.swift; sourceTree = "<group>"; };
/* End PBXFileReference section */

/* Begin PBXFrameworksBuildPhase section */
		EDCFFCA51E81141600496E5B /* Frameworks */ = {
			isa = PBXFrameworksBuildPhase;
			buildActionMask = 2147483647;
			files = (
				AFDDDA76E22412FA6A92F931 /* Pods_RegDemo.framework in Frameworks */,
			);
			runOnlyForDeploymentPostprocessing = 0;
		};
/* End PBXFrameworksBuildPhase section */

/* Begin PBXGroup section */
		165B9B2C1F99F41400CCC545 /* Layout */ = {
			isa = PBXGroup;
			children = (
				16C7BCB31F308D82009BE301 /* Main.storyboard */,
				EDCFFCB41E81141600496E5B /* LaunchScreen.storyboard */,
			);
			name = Layout;
			sourceTree = "<group>";
		};
		165B9B2D1F99F4C800CCC545 /* Supporting Files */ = {
			isa = PBXGroup;
			children = (
				EDCFFCAB1E81141600496E5B /* AppDelegate.swift */,
				EDCFFCB71E81141600496E5B /* Info.plist */,
				16E9B5691F861C11007651A4 /* GoogleService-Info.plist */,
			);
			name = "Supporting Files";
			sourceTree = "<group>";
		};
		165B9B2E1F99F51D00CCC545 /* Helper */ = {
			isa = PBXGroup;
			children = (
				EDCFFCBF1E811CAD00496E5B /* API.swift */,
				16350B4E1F9B6E47001586F7 /* DateISO.swift */,
				16350B4C1F9B6DFE001586F7 /* DateChatFormat.swift */,
				16CA5B0B1F29DA67006BBF05 /* Helper.swift */,
				16350B4A1F9B6DED001586F7 /* UnicodeScalarEmoji.swift */,
				16A52C511FA873D400F8FC32 /* EditableTableViewDataSource.swift */,
			);
			name = Helper;
			sourceTree = "<group>";
		};
		16A2E7A51F13557800D94D01 /* Model */ = {
			isa = PBXGroup;
			children = (
				16F4467F1F1F57750023AE60 /* AuthenticationManager.swift */,
				16D970231EFBB9FF004ADD6E /* Subject.swift */,
				EDCFFCC31E811E6700496E5B /* Token.swift */,
				EDCFFCC11E811D1500496E5B /* User.swift */,
				16D573EF1F89067600895277 /* Semester.swift */,
				16D573EB1F88FC9700895277 /* Enroll.swift */,
				1621EC751F94B4BB00D8EF6B /* Chatroom.swift */,
			);
			name = Model;
			sourceTree = "<group>";
		};
		16A2E7A71F1355A400D94D01 /* Controller */ = {
			isa = PBXGroup;
			children = (
				16E11E631FB5B26A00148F8B /* News */,
				16F8EF461F8B8ECE00D90828 /* Login */,
				16F8EF421F8B8E7400D90828 /* Home */,
				16F8EF441F8B8EA900D90828 /* Chat */,
				16F8EF451F8B8EBD00D90828 /* Profile */,
				16A2E7A51F13557800D94D01 /* Model */,
			);
			name = Controller;
			sourceTree = "<group>";
		};
		16E11E631FB5B26A00148F8B /* News */ = {
			isa = PBXGroup;
			children = (
				16E11E641FB5B28700148F8B /* NewsViewController.swift */,
			);
			name = News;
			sourceTree = "<group>";
		};
		16F8EF421F8B8E7400D90828 /* Home */ = {
			isa = PBXGroup;
			children = (
				16D970251EFBC059004ADD6E /* HomeViewController.swift */,
				16D573ED1F8905E300895277 /* EnrollViewController.swift */,
				16F8EF3E1F8B68DE00D90828 /* EnrollTableViewCell.swift */,
			);
			name = Home;
			sourceTree = "<group>";
		};
		16F8EF441F8B8EA900D90828 /* Chat */ = {
			isa = PBXGroup;
			children = (
				16CA2F591F20B65500F83720 /* ContactViewController.swift */,
				16F591301FAEF73C00A6C024 /* ContactTableViewCell.swift */,
				16EADD851F3C4770003412F9 /* NewMessageViewController.swift */,
				1621EC731F94A63700D8EF6B /* NewMessagesTableViewCell.swift */,
				16CA2F551F2089A900F83720 /* ChatViewController.swift */,
				16F8EF401F8B8BB900D90828 /* EditViewController.swift */,
				16350B481F9B6DA5001586F7 /* MessagesBubblesWithEmojiSizeCalculator.swift */,
			);
			name = Chat;
			sourceTree = "<group>";
		};
		16F8EF451F8B8EBD00D90828 /* Profile */ = {
			isa = PBXGroup;
			children = (
				169B9ABE1FB1CC580078B933 /* ProfileViewController.swift */,
				169DFA481FB44603001B918B /* EditNicknameViewController.swift */,
			);
			name = Profile;
			sourceTree = "<group>";
		};
		16F8EF461F8B8ECE00D90828 /* Login */ = {
			isa = PBXGroup;
			children = (
				EDCFFCAD1E81141600496E5B /* LoginViewController.swift */,
			);
			name = Login;
			sourceTree = "<group>";
		};
		4331692DDE3F2A7FF4272760 /* Frameworks */ = {
			isa = PBXGroup;
			children = (
				C51A01F1C13AE8D732AA9EB8 /* Pods_RegDemo.framework */,
			);
			name = Frameworks;
			sourceTree = "<group>";
		};
		840B0DE8BEBE39B9CEC9699C /* Pods */ = {
			isa = PBXGroup;
			children = (
				51D006BB865AC8F46E64970F /* Pods-RegDemo.debug.xcconfig */,
				E5231A8ADF5CE9BA12196AA9 /* Pods-RegDemo.release.xcconfig */,
				BDDD92CB2EF80B2C59160792 /* Pods-RegDemo.debug.xcconfig */,
			);
			name = Pods;
			sourceTree = "<group>";
		};
		EDCFFC9F1E81141600496E5B = {
			isa = PBXGroup;
			children = (
				EDCFFCAA1E81141600496E5B /* RegDemo */,
				EDCFFCA91E81141600496E5B /* Products */,
				840B0DE8BEBE39B9CEC9699C /* Pods */,
				4331692DDE3F2A7FF4272760 /* Frameworks */,
			);
			sourceTree = "<group>";
		};
		EDCFFCA91E81141600496E5B /* Products */ = {
			isa = PBXGroup;
			children = (
				EDCFFCA81E81141600496E5B /* RegDemo.app */,
			);
			name = Products;
			sourceTree = "<group>";
		};
		EDCFFCAA1E81141600496E5B /* RegDemo */ = {
			isa = PBXGroup;
			children = (
				16E9B5681F8619E3007651A4 /* RegDemo.entitlements */,
				165B9B2E1F99F51D00CCC545 /* Helper */,
				16A2E7A71F1355A400D94D01 /* Controller */,
				165B9B2C1F99F41400CCC545 /* Layout */,
				165B9B2D1F99F4C800CCC545 /* Supporting Files */,
				EDCFFCB21E81141600496E5B /* Assets.xcassets */,
			);
			path = RegDemo;
			sourceTree = "<group>";
		};
/* End PBXGroup section */

/* Begin PBXNativeTarget section */
		EDCFFCA71E81141600496E5B /* RegDemo */ = {
			isa = PBXNativeTarget;
			buildConfigurationList = EDCFFCBA1E81141600496E5B /* Build configuration list for PBXNativeTarget "RegDemo" */;
			buildPhases = (
				906DDF592D1D25AC5EF3CD3F /* [CP] Check Pods Manifest.lock */,
				EDCFFCA41E81141600496E5B /* Sources */,
				EDCFFCA51E81141600496E5B /* Frameworks */,
				EDCFFCA61E81141600496E5B /* Resources */,
				09F2CD4A1160421F62C2373F /* [CP] Embed Pods Frameworks */,
				5AE08F8B3A0E718B782CFC31 /* [CP] Copy Pods Resources */,
			);
			buildRules = (
			);
			dependencies = (
			);
			name = RegDemo;
			productName = RegDemo;
			productReference = EDCFFCA81E81141600496E5B /* RegDemo.app */;
			productType = "com.apple.product-type.application";
		};
/* End PBXNativeTarget section */

/* Begin PBXProject section */
		EDCFFCA01E81141600496E5B /* Project object */ = {
			isa = PBXProject;
			attributes = {
				LastSwiftUpdateCheck = 0820;
				LastUpgradeCheck = 0820;
				ORGANIZATIONNAME = Apptitude;
				TargetAttributes = {
					EDCFFCA71E81141600496E5B = {
						CreatedOnToolsVersion = 8.2.1;
						DevelopmentTeam = 65PKPTRG94;
						ProvisioningStyle = Automatic;
						SystemCapabilities = {
							com.apple.Push = {
								enabled = 1;
							};
						};
					};
				};
			};
			buildConfigurationList = EDCFFCA31E81141600496E5B /* Build configuration list for PBXProject "RegDemo" */;
			compatibilityVersion = "Xcode 3.2";
			developmentRegion = English;
			hasScannedForEncodings = 0;
			knownRegions = (
				en,
				Base,
			);
			mainGroup = EDCFFC9F1E81141600496E5B;
			productRefGroup = EDCFFCA91E81141600496E5B /* Products */;
			projectDirPath = "";
			projectRoot = "";
			targets = (
				EDCFFCA71E81141600496E5B /* RegDemo */,
			);
		};
/* End PBXProject section */

/* Begin PBXResourcesBuildPhase section */
		EDCFFCA61E81141600496E5B /* Resources */ = {
			isa = PBXResourcesBuildPhase;
			buildActionMask = 2147483647;
			files = (
				EDCFFCB61E81141600496E5B /* LaunchScreen.storyboard in Resources */,
				16E9B56A1F861C11007651A4 /* GoogleService-Info.plist in Resources */,
				EDCFFCB31E81141600496E5B /* Assets.xcassets in Resources */,
				16C7BCB41F308D82009BE301 /* Main.storyboard in Resources */,
			);
			runOnlyForDeploymentPostprocessing = 0;
		};
/* End PBXResourcesBuildPhase section */

/* Begin PBXShellScriptBuildPhase section */
		09F2CD4A1160421F62C2373F /* [CP] Embed Pods Frameworks */ = {
			isa = PBXShellScriptBuildPhase;
			buildActionMask = 2147483647;
			files = (
			);
			inputPaths = (
				"${SRCROOT}/Pods/Target Support Files/Pods-RegDemo/Pods-RegDemo-frameworks.sh",
				"${BUILT_PRODUCTS_DIR}/Alamofire/Alamofire.framework",
				"${BUILT_PRODUCTS_DIR}/AlamofireImage/AlamofireImage.framework",
				"${BUILT_PRODUCTS_DIR}/GTMSessionFetcher/GTMSessionFetcher.framework",
				"${BUILT_PRODUCTS_DIR}/GoogleToolboxForMac/GoogleToolboxForMac.framework",
				"${BUILT_PRODUCTS_DIR}/JSQMessagesViewController/JSQMessagesViewController.framework",
				"${BUILT_PRODUCTS_DIR}/JSQSystemSoundPlayer/JSQSystemSoundPlayer.framework",
				"${BUILT_PRODUCTS_DIR}/Protobuf/Protobuf.framework",
				"${BUILT_PRODUCTS_DIR}/leveldb-library/leveldb.framework",
				"${BUILT_PRODUCTS_DIR}/nanopb/nanopb.framework",
			);
			name = "[CP] Embed Pods Frameworks";
			outputPaths = (
				"${TARGET_BUILD_DIR}/${FRAMEWORKS_FOLDER_PATH}/Alamofire.framework",
				"${TARGET_BUILD_DIR}/${FRAMEWORKS_FOLDER_PATH}/AlamofireImage.framework",
				"${TARGET_BUILD_DIR}/${FRAMEWORKS_FOLDER_PATH}/GTMSessionFetcher.framework",
				"${TARGET_BUILD_DIR}/${FRAMEWORKS_FOLDER_PATH}/GoogleToolboxForMac.framework",
				"${TARGET_BUILD_DIR}/${FRAMEWORKS_FOLDER_PATH}/JSQMessagesViewController.framework",
				"${TARGET_BUILD_DIR}/${FRAMEWORKS_FOLDER_PATH}/JSQSystemSoundPlayer.framework",
				"${TARGET_BUILD_DIR}/${FRAMEWORKS_FOLDER_PATH}/Protobuf.framework",
				"${TARGET_BUILD_DIR}/${FRAMEWORKS_FOLDER_PATH}/leveldb.framework",
				"${TARGET_BUILD_DIR}/${FRAMEWORKS_FOLDER_PATH}/nanopb.framework",
			);
			runOnlyForDeploymentPostprocessing = 0;
			shellPath = /bin/sh;
			shellScript = "\"${SRCROOT}/Pods/Target Support Files/Pods-RegDemo/Pods-RegDemo-frameworks.sh\"\n";
			showEnvVarsInLog = 0;
		};
		5AE08F8B3A0E718B782CFC31 /* [CP] Copy Pods Resources */ = {
			isa = PBXShellScriptBuildPhase;
			buildActionMask = 2147483647;
			files = (
			);
			inputPaths = (
			);
			name = "[CP] Copy Pods Resources";
			outputPaths = (
			);
			runOnlyForDeploymentPostprocessing = 0;
			shellPath = /bin/sh;
			shellScript = "\"${SRCROOT}/Pods/Target Support Files/Pods-RegDemo/Pods-RegDemo-resources.sh\"\n";
			showEnvVarsInLog = 0;
		};
		906DDF592D1D25AC5EF3CD3F /* [CP] Check Pods Manifest.lock */ = {
			isa = PBXShellScriptBuildPhase;
			buildActionMask = 2147483647;
			files = (
			);
			inputPaths = (
				"${PODS_PODFILE_DIR_PATH}/Podfile.lock",
				"${PODS_ROOT}/Manifest.lock",
			);
			name = "[CP] Check Pods Manifest.lock";
			outputPaths = (
				"$(DERIVED_FILE_DIR)/Pods-RegDemo-checkManifestLockResult.txt",
			);
			runOnlyForDeploymentPostprocessing = 0;
			shellPath = /bin/sh;
			shellScript = "diff \"${PODS_PODFILE_DIR_PATH}/Podfile.lock\" \"${PODS_ROOT}/Manifest.lock\" > /dev/null\nif [ $? != 0 ] ; then\n    # print error to STDERR\n    echo \"error: The sandbox is not in sync with the Podfile.lock. Run 'pod install' or update your CocoaPods installation.\" >&2\n    exit 1\nfi\n# This output is used by Xcode 'outputs' to avoid re-running this script phase.\necho \"SUCCESS\" > \"${SCRIPT_OUTPUT_FILE_0}\"\n";
			showEnvVarsInLog = 0;
		};
/* End PBXShellScriptBuildPhase section */

/* Begin PBXSourcesBuildPhase section */
		EDCFFCA41E81141600496E5B /* Sources */ = {
			isa = PBXSourcesBuildPhase;
			buildActionMask = 2147483647;
			files = (
				169DFA491FB44603001B918B /* EditNicknameViewController.swift in Sources */,
				16F446801F1F57750023AE60 /* AuthenticationManager.swift in Sources */,
				16D573F01F89067600895277 /* Semester.swift in Sources */,
				EDCFFCAE1E81141600496E5B /* LoginViewController.swift in Sources */,
				16F591311FAEF73C00A6C024 /* ContactTableViewCell.swift in Sources */,
				16D970241EFBB9FF004ADD6E /* Subject.swift in Sources */,
				16D970261EFBC059004ADD6E /* HomeViewController.swift in Sources */,
				16350B491F9B6DA5001586F7 /* MessagesBubblesWithEmojiSizeCalculator.swift in Sources */,
				EDCFFCC01E811CAD00496E5B /* API.swift in Sources */,
				1621EC761F94B4BB00D8EF6B /* Chatroom.swift in Sources */,
				16D573EE1F8905E300895277 /* EnrollViewController.swift in Sources */,
				16CA2F5A1F20B65500F83720 /* ContactViewController.swift in Sources */,
				16F8EF411F8B8BB900D90828 /* EditViewController.swift in Sources */,
				1621EC741F94A63700D8EF6B /* NewMessagesTableViewCell.swift in Sources */,
				16A52C521FA873D400F8FC32 /* EditableTableViewDataSource.swift in Sources */,
				16350B4F1F9B6E47001586F7 /* DateISO.swift in Sources */,
				EDCFFCC41E811E6700496E5B /* Token.swift in Sources */,
				16350B4D1F9B6DFE001586F7 /* DateChatFormat.swift in Sources */,
				169B9ABF1FB1CC580078B933 /* ProfileViewController.swift in Sources */,
				EDCFFCC21E811D1500496E5B /* User.swift in Sources */,
				16CA2F561F2089A900F83720 /* ChatViewController.swift in Sources */,
				16D573EC1F88FC9700895277 /* Enroll.swift in Sources */,
				16F8EF3F1F8B68DE00D90828 /* EnrollTableViewCell.swift in Sources */,
				16CA5B0C1F29DA67006BBF05 /* Helper.swift in Sources */,
				16350B4B1F9B6DED001586F7 /* UnicodeScalarEmoji.swift in Sources */,
				16E11E651FB5B28700148F8B /* NewsViewController.swift in Sources */,
				EDCFFCAC1E81141600496E5B /* AppDelegate.swift in Sources */,
				16EADD861F3C4770003412F9 /* NewMessageViewController.swift in Sources */,
			);
			runOnlyForDeploymentPostprocessing = 0;
		};
/* End PBXSourcesBuildPhase section */

/* Begin PBXVariantGroup section */
		EDCFFCB41E81141600496E5B /* LaunchScreen.storyboard */ = {
			isa = PBXVariantGroup;
			children = (
				EDCFFCB51E81141600496E5B /* Base */,
			);
			name = LaunchScreen.storyboard;
			sourceTree = "<group>";
		};
/* End PBXVariantGroup section */

/* Begin XCBuildConfiguration section */
		EDCFFCB81E81141600496E5B /* Debug */ = {
			isa = XCBuildConfiguration;
			buildSettings = {
				ALWAYS_SEARCH_USER_PATHS = NO;
				CLANG_ANALYZER_NONNULL = YES;
				CLANG_CXX_LANGUAGE_STANDARD = "gnu++0x";
				CLANG_CXX_LIBRARY = "libc++";
				CLANG_ENABLE_MODULES = YES;
				CLANG_ENABLE_OBJC_ARC = YES;
				CLANG_WARN_BOOL_CONVERSION = YES;
				CLANG_WARN_CONSTANT_CONVERSION = YES;
				CLANG_WARN_DIRECT_OBJC_ISA_USAGE = YES_ERROR;
				CLANG_WARN_DOCUMENTATION_COMMENTS = YES;
				CLANG_WARN_EMPTY_BODY = YES;
				CLANG_WARN_ENUM_CONVERSION = YES;
				CLANG_WARN_INFINITE_RECURSION = YES;
				CLANG_WARN_INT_CONVERSION = YES;
				CLANG_WARN_OBJC_ROOT_CLASS = YES_ERROR;
				CLANG_WARN_SUSPICIOUS_MOVE = YES;
				CLANG_WARN_UNREACHABLE_CODE = YES;
				CLANG_WARN__DUPLICATE_METHOD_MATCH = YES;
				"CODE_SIGN_IDENTITY[sdk=iphoneos*]" = "iPhone Developer";
				COPY_PHASE_STRIP = NO;
				DEBUG_INFORMATION_FORMAT = dwarf;
				ENABLE_STRICT_OBJC_MSGSEND = YES;
				ENABLE_TESTABILITY = YES;
				GCC_C_LANGUAGE_STANDARD = gnu99;
				GCC_DYNAMIC_NO_PIC = NO;
				GCC_NO_COMMON_BLOCKS = YES;
				GCC_OPTIMIZATION_LEVEL = 0;
				GCC_PREPROCESSOR_DEFINITIONS = (
					"DEBUG=1",
					"$(inherited)",
				);
				GCC_WARN_64_TO_32_BIT_CONVERSION = YES;
				GCC_WARN_ABOUT_RETURN_TYPE = YES_ERROR;
				GCC_WARN_UNDECLARED_SELECTOR = YES;
				GCC_WARN_UNINITIALIZED_AUTOS = YES_AGGRESSIVE;
				GCC_WARN_UNUSED_FUNCTION = YES;
				GCC_WARN_UNUSED_VARIABLE = YES;
				IPHONEOS_DEPLOYMENT_TARGET = 10.2;
				MTL_ENABLE_DEBUG_INFO = YES;
				ONLY_ACTIVE_ARCH = YES;
				SDKROOT = iphoneos;
				SWIFT_ACTIVE_COMPILATION_CONDITIONS = DEBUG;
				SWIFT_OPTIMIZATION_LEVEL = "-Onone";
			};
			name = Debug;
		};
		EDCFFCB91E81141600496E5B /* Release */ = {
			isa = XCBuildConfiguration;
			buildSettings = {
				ALWAYS_SEARCH_USER_PATHS = NO;
				CLANG_ANALYZER_NONNULL = YES;
				CLANG_CXX_LANGUAGE_STANDARD = "gnu++0x";
				CLANG_CXX_LIBRARY = "libc++";
				CLANG_ENABLE_MODULES = YES;
				CLANG_ENABLE_OBJC_ARC = YES;
				CLANG_WARN_BOOL_CONVERSION = YES;
				CLANG_WARN_CONSTANT_CONVERSION = YES;
				CLANG_WARN_DIRECT_OBJC_ISA_USAGE = YES_ERROR;
				CLANG_WARN_DOCUMENTATION_COMMENTS = YES;
				CLANG_WARN_EMPTY_BODY = YES;
				CLANG_WARN_ENUM_CONVERSION = YES;
				CLANG_WARN_INFINITE_RECURSION = YES;
				CLANG_WARN_INT_CONVERSION = YES;
				CLANG_WARN_OBJC_ROOT_CLASS = YES_ERROR;
				CLANG_WARN_SUSPICIOUS_MOVE = YES;
				CLANG_WARN_UNREACHABLE_CODE = YES;
				CLANG_WARN__DUPLICATE_METHOD_MATCH = YES;
				"CODE_SIGN_IDENTITY[sdk=iphoneos*]" = "iPhone Developer";
				COPY_PHASE_STRIP = NO;
				DEBUG_INFORMATION_FORMAT = "dwarf-with-dsym";
				ENABLE_NS_ASSERTIONS = NO;
				ENABLE_STRICT_OBJC_MSGSEND = YES;
				GCC_C_LANGUAGE_STANDARD = gnu99;
				GCC_NO_COMMON_BLOCKS = YES;
				GCC_WARN_64_TO_32_BIT_CONVERSION = YES;
				GCC_WARN_ABOUT_RETURN_TYPE = YES_ERROR;
				GCC_WARN_UNDECLARED_SELECTOR = YES;
				GCC_WARN_UNINITIALIZED_AUTOS = YES_AGGRESSIVE;
				GCC_WARN_UNUSED_FUNCTION = YES;
				GCC_WARN_UNUSED_VARIABLE = YES;
				IPHONEOS_DEPLOYMENT_TARGET = 10.2;
				MTL_ENABLE_DEBUG_INFO = NO;
				SDKROOT = iphoneos;
				SWIFT_OPTIMIZATION_LEVEL = "-Owholemodule";
				VALIDATE_PRODUCT = YES;
			};
			name = Release;
		};
		EDCFFCBB1E81141600496E5B /* Debug */ = {
			isa = XCBuildConfiguration;
			baseConfigurationReference = 51D006BB865AC8F46E64970F /* Pods-RegDemo.debug.xcconfig */;
			buildSettings = {
				ASSETCATALOG_COMPILER_APPICON_NAME = AppIcon;
				CODE_SIGN_ENTITLEMENTS = RegDemo/RegDemo.entitlements;
				DEVELOPMENT_TEAM = 65PKPTRG94;
				INFOPLIST_FILE = RegDemo/Info.plist;
				LD_RUNPATH_SEARCH_PATHS = "$(inherited) @executable_path/Frameworks";
				PRODUCT_BUNDLE_IDENTIFIER = com.mobcomlab.regchat;
				PRODUCT_NAME = "$(TARGET_NAME)";
				SWIFT_VERSION = 3.0;
			};
			name = Debug;
		};
		EDCFFCBC1E81141600496E5B /* Release */ = {
			isa = XCBuildConfiguration;
			baseConfigurationReference = E5231A8ADF5CE9BA12196AA9 /* Pods-RegDemo.release.xcconfig */;
			buildSettings = {
				ASSETCATALOG_COMPILER_APPICON_NAME = AppIcon;
				CODE_SIGN_ENTITLEMENTS = RegDemo/RegDemo.entitlements;
				DEVELOPMENT_TEAM = 65PKPTRG94;
				INFOPLIST_FILE = RegDemo/Info.plist;
				LD_RUNPATH_SEARCH_PATHS = "$(inherited) @executable_path/Frameworks";
				PRODUCT_BUNDLE_IDENTIFIER = com.mobcomlab.regchat;
				PRODUCT_NAME = "$(TARGET_NAME)";
				SWIFT_VERSION = 3.0;
			};
			name = Release;
		};
/* End XCBuildConfiguration section */

/* Begin XCConfigurationList section */
		EDCFFCA31E81141600496E5B /* Build configuration list for PBXProject "RegDemo" */ = {
			isa = XCConfigurationList;
			buildConfigurations = (
				EDCFFCB81E81141600496E5B /* Debug */,
				EDCFFCB91E81141600496E5B /* Release */,
			);
			defaultConfigurationIsVisible = 0;
			defaultConfigurationName = Release;
		};
		EDCFFCBA1E81141600496E5B /* Build configuration list for PBXNativeTarget "RegDemo" */ = {
			isa = XCConfigurationList;
			buildConfigurations = (
				EDCFFCBB1E81141600496E5B /* Debug */,
				EDCFFCBC1E81141600496E5B /* Release */,
			);
			defaultConfigurationIsVisible = 0;
			defaultConfigurationName = Release;
		};
/* End XCConfigurationList section */
	};
	rootObject = EDCFFCA01E81141600496E5B /* Project object */;
}
